// !$*UTF8*$!
{
	archiveVersion = 1;
	classes = {
	};
	objectVersion = 50;
	objects = {

/* Begin PBXBuildFile section */
		3415815F23AB0DD5008DFC16 /* AppDelegate.swift in Sources */ = {isa = PBXBuildFile; fileRef = 3415815E23AB0DD5008DFC16 /* AppDelegate.swift */; };
		3415816123AB0DD5008DFC16 /* SceneDelegate.swift in Sources */ = {isa = PBXBuildFile; fileRef = 3415816023AB0DD5008DFC16 /* SceneDelegate.swift */; };
		3415816323AB0DD5008DFC16 /* ContentView.swift in Sources */ = {isa = PBXBuildFile; fileRef = 3415816223AB0DD5008DFC16 /* ContentView.swift */; };
		3415816523AB0DDA008DFC16 /* Assets.xcassets in Resources */ = {isa = PBXBuildFile; fileRef = 3415816423AB0DDA008DFC16 /* Assets.xcassets */; };
		3415816823AB0DDA008DFC16 /* Preview Assets.xcassets in Resources */ = {isa = PBXBuildFile; fileRef = 3415816723AB0DDA008DFC16 /* Preview Assets.xcassets */; };
		3415816B23AB0DDA008DFC16 /* LaunchScreen.storyboard in Resources */ = {isa = PBXBuildFile; fileRef = 3415816923AB0DDA008DFC16 /* LaunchScreen.storyboard */; };
		3477FC5823B312FB002A7847 /* Card.swift in Sources */ = {isa = PBXBuildFile; fileRef = 3477FC5723B312FB002A7847 /* Card.swift */; };
		3477FC5A23B342D6002A7847 /* CardView.swift in Sources */ = {isa = PBXBuildFile; fileRef = 3477FC5923B342D6002A7847 /* CardView.swift */; };
/* End PBXBuildFile section */

/* Begin PBXFileReference section */
		3415815B23AB0DD5008DFC16 /* Flashzilla.app */ = {isa = PBXFileReference; explicitFileType = wrapper.application; includeInIndex = 0; path = Flashzilla.app; sourceTree = BUILT_PRODUCTS_DIR; };
		3415815E23AB0DD5008DFC16 /* AppDelegate.swift */ = {isa = PBXFileReference; lastKnownFileType = sourcecode.swift; path = AppDelegate.swift; sourceTree = "<group>"; };
		3415816023AB0DD5008DFC16 /* SceneDelegate.swift */ = {isa = PBXFileReference; lastKnownFileType = sourcecode.swift; path = SceneDelegate.swift; sourceTree = "<group>"; };
		3415816223AB0DD5008DFC16 /* ContentView.swift */ = {isa = PBXFileReference; lastKnownFileType = sourcecode.swift; path = ContentView.swift; sourceTree = "<group>"; };
		3415816423AB0DDA008DFC16 /* Assets.xcassets */ = {isa = PBXFileReference; lastKnownFileType = folder.assetcatalog; path = Assets.xcassets; sourceTree = "<group>"; };
		3415816723AB0DDA008DFC16 /* Preview Assets.xcassets */ = {isa = PBXFileReference; lastKnownFileType = folder.assetcatalog; path = "Preview Assets.xcassets"; sourceTree = "<group>"; };
		3415816A23AB0DDA008DFC16 /* Base */ = {isa = PBXFileReference; lastKnownFileType = file.storyboard; name = Base; path = Base.lproj/LaunchScreen.storyboard; sourceTree = "<group>"; };
		3415816C23AB0DDA008DFC16 /* Info.plist */ = {isa = PBXFileReference; lastKnownFileType = text.plist.xml; path = Info.plist; sourceTree = "<group>"; };
		3477FC5723B312FB002A7847 /* Card.swift */ = {isa = PBXFileReference; lastKnownFileType = sourcecode.swift; path = Card.swift; sourceTree = "<group>"; };
		3477FC5923B342D6002A7847 /* CardView.swift */ = {isa = PBXFileReference; lastKnownFileType = sourcecode.swift; path = CardView.swift; sourceTree = "<group>"; };
/* End PBXFileReference section */

/* Begin PBXFrameworksBuildPhase section */
		3415815823AB0DD5008DFC16 /* Frameworks */ = {
			isa = PBXFrameworksBuildPhase;
			buildActionMask = 2147483647;
			files = (
			);
			runOnlyForDeploymentPostprocessing = 0;
		};
/* End PBXFrameworksBuildPhase section */

/* Begin PBXGroup section */
		3415815223AB0DD5008DFC16 = {
			isa = PBXGroup;
			children = (
				3415815D23AB0DD5008DFC16 /* Flashzilla */,
				3415815C23AB0DD5008DFC16 /* Products */,
			);
			sourceTree = "<group>";
		};
		3415815C23AB0DD5008DFC16 /* Products */ = {
			isa = PBXGroup;
			children = (
				3415815B23AB0DD5008DFC16 /* Flashzilla.app */,
			);
			name = Products;
			sourceTree = "<group>";
		};
		3415815D23AB0DD5008DFC16 /* Flashzilla */ = {
			isa = PBXGroup;
			children = (
				3415815E23AB0DD5008DFC16 /* AppDelegate.swift */,
				3415816023AB0DD5008DFC16 /* SceneDelegate.swift */,
				3415816223AB0DD5008DFC16 /* ContentView.swift */,
				3415816423AB0DDA008DFC16 /* Assets.xcassets */,
				3415816923AB0DDA008DFC16 /* LaunchScreen.storyboard */,
				3415816C23AB0DDA008DFC16 /* Info.plist */,
				3415816623AB0DDA008DFC16 /* Preview Content */,
				3477FC5723B312FB002A7847 /* Card.swift */,
				3477FC5923B342D6002A7847 /* CardView.swift */,
			);
			path = Flashzilla;
			sourceTree = "<group>";
		};
		3415816623AB0DDA008DFC16 /* Preview Content */ = {
			isa = PBXGroup;
			children = (
				3415816723AB0DDA008DFC16 /* Preview Assets.xcassets */,
			);
			path = "Preview Content";
			sourceTree = "<group>";
		};
/* End PBXGroup section */

/* Begin PBXNativeTarget section */
		3415815A23AB0DD5008DFC16 /* Flashzilla */ = {
			isa = PBXNativeTarget;
			buildConfigurationList = 3415816F23AB0DDA008DFC16 /* Build configuration list for PBXNativeTarget "Flashzilla" */;
			buildPhases = (
				3415815723AB0DD5008DFC16 /* Sources */,
				3415815823AB0DD5008DFC16 /* Frameworks */,
				3415815923AB0DD5008DFC16 /* Resources */,
			);
			buildRules = (
			);
			dependencies = (
			);
			name = Flashzilla;
			productName = Flashzilla;
			productReference = 3415815B23AB0DD5008DFC16 /* Flashzilla.app */;
			productType = "com.apple.product-type.application";
		};
/* End PBXNativeTarget section */

/* Begin PBXProject section */
		3415815323AB0DD5008DFC16 /* Project object */ = {
			isa = PBXProject;
			attributes = {
				LastSwiftUpdateCheck = 1130;
				LastUpgradeCheck = 1130;
				ORGANIZATIONNAME = SXC;
				TargetAttributes = {
					3415815A23AB0DD5008DFC16 = {
						CreatedOnToolsVersion = 11.3;
					};
				};
			};
			buildConfigurationList = 3415815623AB0DD5008DFC16 /* Build configuration list for PBXProject "Flashzilla" */;
			compatibilityVersion = "Xcode 9.3";
			developmentRegion = en;
			hasScannedForEncodings = 0;
			knownRegions = (
				en,
				Base,
			);
			mainGroup = 3415815223AB0DD5008DFC16;
			productRefGroup = 3415815C23AB0DD5008DFC16 /* Products */;
			projectDirPath = "";
			projectRoot = "";
			targets = (
				3415815A23AB0DD5008DFC16 /* Flashzilla */,
			);
		};
/* End PBXProject section */

/* Begin PBXResourcesBuildPhase section */
		3415815923AB0DD5008DFC16 /* Resources */ = {
			isa = PBXResourcesBuildPhase;
			buildActionMask = 2147483647;
			files = (
				3415816B23AB0DDA008DFC16 /* LaunchScreen.storyboard in Resources */,
				3415816823AB0DDA008DFC16 /* Preview Assets.xcassets in Resources */,
				3415816523AB0DDA008DFC16 /* Assets.xcassets in Resources */,
			);
			runOnlyForDeploymentPostprocessing = 0;
		};
/* End PBXResourcesBuildPhase section */

/* Begin PBXSourcesBuildPhase section */
		3415815723AB0DD5008DFC16 /* Sources */ = {
			isa = PBXSourcesBuildPhase;
			buildActionMask = 2147483647;
			files = (
				3415815F23AB0DD5008DFC16 /* AppDelegate.swift in Sources */,
				3415816123AB0DD5008DFC16 /* SceneDelegate.swift in Sources */,
				3415816323AB0DD5008DFC16 /* ContentView.swift in Sources */,
				3477FC5823B312FB002A7847 /* Card.swift in Sources */,
				3477FC5A23B342D6002A7847 /* CardView.swift in Sources */,
			);
			runOnlyForDeploymentPostprocessing = 0;
		};
/* End PBXSourcesBuildPhase section */

/* Begin PBXVariantGroup section */
		3415816923AB0DDA008DFC16 /* LaunchScreen.storyboard */ = {
			isa = PBXVariantGroup;
			children = (
				3415816A23AB0DDA008DFC16 /* Base */,
			);
			name = LaunchScreen.storyboard;
			sourceTree = "<group>";
		};
/* End PBXVariantGroup section */

/* Begin XCBuildConfiguration section */
		3415816D23AB0DDA008DFC16 /* Debug */ = {
			isa = XCBuildConfiguration;
			buildSettings = {
				ALWAYS_SEARCH_USER_PATHS = NO;
				CLANG_ANALYZER_NONNULL = YES;
				CLANG_ANALYZER_NUMBER_OBJECT_CONVERSION = YES_AGGRESSIVE;
				CLANG_CXX_LANGUAGE_STANDARD = "gnu++14";
				CLANG_CXX_LIBRARY = "libc++";
				CLANG_ENABLE_MODULES = YES;
				CLANG_ENABLE_OBJC_ARC = YES;
				CLANG_ENABLE_OBJC_WEAK = YES;
				CLANG_WARN_BLOCK_CAPTURE_AUTORELEASING = YES;
				CLANG_WARN_BOOL_CONVERSION = YES;
				CLANG_WARN_COMMA = YES;
				CLANG_WARN_CONSTANT_CONVERSION = YES;
				CLANG_WARN_DEPRECATED_OBJC_IMPLEMENTATIONS = YES;
				CLANG_WARN_DIRECT_OBJC_ISA_USAGE = YES_ERROR;
				CLANG_WARN_DOCUMENTATION_COMMENTS = YES;
				CLANG_WARN_EMPTY_BODY = YES;
				CLANG_WARN_ENUM_CONVERSION = YES;
				CLANG_WARN_INFINITE_RECURSION = YES;
				CLANG_WARN_INT_CONVERSION = YES;
				CLANG_WARN_NON_LITERAL_NULL_CONVERSION = YES;
				CLANG_WARN_OBJC_IMPLICIT_RETAIN_SELF = YES;
				CLANG_WARN_OBJC_LITERAL_CONVERSION = YES;
				CLANG_WARN_OBJC_ROOT_CLASS = YES_ERROR;
				CLANG_WARN_RANGE_LOOP_ANALYSIS = YES;
				CLANG_WARN_STRICT_PROTOTYPES = YES;
				CLANG_WARN_SUSPICIOUS_MOVE = YES;
				CLANG_WARN_UNGUARDED_AVAILABILITY = YES_AGGRESSIVE;
				CLANG_WARN_UNREACHABLE_CODE = YES;
				CLANG_WARN__DUPLICATE_METHOD_MATCH = YES;
				COPY_PHASE_STRIP = NO;
				DEBUG_INFORMATION_FORMAT = dwarf;
				ENABLE_STRICT_OBJC_MSGSEND = YES;
				ENABLE_TESTABILITY = YES;
				GCC_C_LANGUAGE_STANDARD = gnu11;
				GCC_DYNAMIC_NO_PIC = NO;
				GCC_NO_COMMON_BLOCKS = YES;
				GCC_OPTIMIZATION_LEVEL = 0;
				GCC_PREPROCESSOR_DEFINITIONS = (
					"DEBUG=1",
					"$(inherited)",
				);
				GCC_WARN_64_TO_32_BIT_CONVERSION = YES;
				GCC_WARN_ABOUT_RETURN_TYPE = YES_ERROR;
				GCC_WARN_UNDECLARED_SELECTOR = YES;
				GCC_WARN_UNINITIALIZED_AUTOS = YES_AGGRESSIVE;
				GCC_WARN_UNUSED_FUNCTION = YES;
				GCC_WARN_UNUSED_VARIABLE = YES;
				IPHONEOS_DEPLOYMENT_TARGET = 13.2;
				MTL_ENABLE_DEBUG_INFO = INCLUDE_SOURCE;
				MTL_FAST_MATH = YES;
				ONLY_ACTIVE_ARCH = YES;
				SDKROOT = iphoneos;
				SWIFT_ACTIVE_COMPILATION_CONDITIONS = DEBUG;
				SWIFT_OPTIMIZATION_LEVEL = "-Onone";
			};
			name = Debug;
		};
		3415816E23AB0DDA008DFC16 /* Release */ = {
			isa = XCBuildConfiguration;
			buildSettings = {
				ALWAYS_SEARCH_USER_PATHS = NO;
				CLANG_ANALYZER_NONNULL = YES;
				CLANG_ANALYZER_NUMBER_OBJECT_CONVERSION = YES_AGGRESSIVE;
				CLANG_CXX_LANGUAGE_STANDARD = "gnu++14";
				CLANG_CXX_LIBRARY = "libc++";
				CLANG_ENABLE_MODULES = YES;
				CLANG_ENABLE_OBJC_ARC = YES;
				CLANG_ENABLE_OBJC_WEAK = YES;
				CLANG_WARN_BLOCK_CAPTURE_AUTORELEASING = YES;
				CLANG_WARN_BOOL_CONVERSION = YES;
				CLANG_WARN_COMMA = YES;
				CLANG_WARN_CONSTANT_CONVERSION = YES;
				CLANG_WARN_DEPRECATED_OBJC_IMPLEMENTATIONS = YES;
				CLANG_WARN_DIRECT_OBJC_ISA_USAGE = YES_ERROR;
				CLANG_WARN_DOCUMENTATION_COMMENTS = YES;
				CLANG_WARN_EMPTY_BODY = YES;
				CLANG_WARN_ENUM_CONVERSION = YES;
				CLANG_WARN_INFINITE_RECURSION = YES;
				CLANG_WARN_INT_CONVERSION = YES;
				CLANG_WARN_NON_LITERAL_NULL_CONVERSION = YES;
				CLANG_WARN_OBJC_IMPLICIT_RETAIN_SELF = YES;
				CLANG_WARN_OBJC_LITERAL_CONVERSION = YES;
				CLANG_WARN_OBJC_ROOT_CLASS = YES_ERROR;
				CLANG_WARN_RANGE_LOOP_ANALYSIS = YES;
				CLANG_WARN_STRICT_PROTOTYPES = YES;
				CLANG_WARN_SUSPICIOUS_MOVE = YES;
				CLANG_WARN_UNGUARDED_AVAILABILITY = YES_AGGRESSIVE;
				CLANG_WARN_UNREACHABLE_CODE = YES;
				CLANG_WARN__DUPLICATE_METHOD_MATCH = YES;
				COPY_PHASE_STRIP = NO;
				DEBUG_INFORMATION_FORMAT = "dwarf-with-dsym";
				ENABLE_NS_ASSERTIONS = NO;
				ENABLE_STRICT_OBJC_MSGSEND = YES;
				GCC_C_LANGUAGE_STANDARD = gnu11;
				GCC_NO_COMMON_BLOCKS = YES;
				GCC_WARN_64_TO_32_BIT_CONVERSION = YES;
				GCC_WARN_ABOUT_RETURN_TYPE = YES_ERROR;
				GCC_WARN_UNDECLARED_SELECTOR = YES;
				GCC_WARN_UNINITIALIZED_AUTOS = YES_AGGRESSIVE;
				GCC_WARN_UNUSED_FUNCTION = YES;
				GCC_WARN_UNUSED_VARIABLE = YES;
				IPHONEOS_DEPLOYMENT_TARGET = 13.2;
				MTL_ENABLE_DEBUG_INFO = NO;
				MTL_FAST_MATH = YES;
				SDKROOT = iphoneos;
				SWIFT_COMPILATION_MODE = wholemodule;
				SWIFT_OPTIMIZATION_LEVEL = "-O";
				VALIDATE_PRODUCT = YES;
			};
			name = Release;
		};
		3415817023AB0DDA008DFC16 /* Debug */ = {
			isa = XCBuildConfiguration;
			buildSettings = {
				ASSETCATALOG_COMPILER_APPICON_NAME = AppIcon;
				CODE_SIGN_STYLE = Automatic;
				DEVELOPMENT_ASSET_PATHS = "\"Flashzilla/Preview Content\"";
				DEVELOPMENT_TEAM = SX2P37942F;
				ENABLE_PREVIEWS = YES;
				INFOPLIST_FILE = Flashzilla/Info.plist;
				LD_RUNPATH_SEARCH_PATHS = (
					"$(inherited)",
					"@executable_path/Frameworks",
				);
				PRODUCT_BUNDLE_IDENTIFIER = com.shenxiaochun.Flashzilla;
				PRODUCT_NAME = "$(TARGET_NAME)";
				SWIFT_VERSION = 5.0;
				TARGETED_DEVICE_FAMILY = "1,2";
			};
			name = Debug;
		};
		3415817123AB0DDA008DFC16 /* Release */ = {
			isa = XCBuildConfiguration;
			buildSettings = {
				ASSETCATALOG_COMPILER_APPICON_NAME = AppIcon;
				CODE_SIGN_STYLE = Automatic;
				DEVELOPMENT_ASSET_PATHS = "\"Flashzilla/Preview Content\"";
				DEVELOPMENT_TEAM = "";
				ENABLE_PREVIEWS = YES;
				INFOPLIST_FILE = Flashzilla/Info.plist;
				LD_RUNPATH_SEARCH_PATHS = (
					"$(inherited)",
					"@executable_path/Frameworks",
				);
				PRODUCT_BUNDLE_IDENTIFIER = com.shenxiaochun.Flashzilla;
				PRODUCT_NAME = "$(TARGET_NAME)";
				SWIFT_VERSION = 5.0;
				TARGETED_DEVICE_FAMILY = "1,2";
			};
			name = Release;
		};
/* End XCBuildConfiguration section */

/* Begin XCConfigurationList section */
		3415815623AB0DD5008DFC16 /* Build configuration list for PBXProject "Flashzilla" */ = {
			isa = XCConfigurationList;
			buildConfigurations = (
				3415816D23AB0DDA008DFC16 /* Debug */,
				3415816E23AB0DDA008DFC16 /* Release */,
			);
			defaultConfigurationIsVisible = 0;
			defaultConfigurationName = Release;
		};
		3415816F23AB0DDA008DFC16 /* Build configuration list for PBXNativeTarget "Flashzilla" */ = {
			isa = XCConfigurationList;
			buildConfigurations = (
				3415817023AB0DDA008DFC16 /* Debug */,
				3415817123AB0DDA008DFC16 /* Release */,
			);
			defaultConfigurationIsVisible = 0;
			defaultConfigurationName = Release;
		};
/* End XCConfigurationList section */
	};
	rootObject = 3415815323AB0DD5008DFC16 /* Project object */;
}
